PODS:
  - cupertino_http (0.0.1):
    - Flutter
    - FlutterMacOS
  - Flutter (1.0.0)
  - yandex_mapkit (0.0.1):
    - Flutter
    - YandexMapsMobile (= 4.22.0-full)
  - YandexMapsMobile (4.22.0-full)

DEPENDENCIES:
  - cupertino_http (from `.symlinks/plugins/cupertino_http/darwin`)
  - Flutter (from `Flutter`)
  - yandex_mapkit (from `.symlinks/plugins/yandex_mapkit/ios`)

SPEC REPOS:
  trunk:
    - YandexMapsMobile

EXTERNAL SOURCES:
  cupertino_http:
    :path: ".symlinks/plugins/cupertino_http/darwin"
  Flutter:
    :path: Flutter
  yandex_mapkit:
    :path: ".symlinks/plugins/yandex_mapkit/ios"

SPEC CHECKSUMS:
  cupertino_http: 94ac07f5ff090b8effa6c5e2c47871d48ab7c86c
  Flutter: cabc95a1d2626b1b06e7179b784ebcf0c0cde467
  yandex_mapkit: b0468cf6fdc2e5ef315e08c081cb48763db1edee
  YandexMapsMobile: 27e6e45425bb61f0be2dbc2bf02d4e64926691a9

PODFILE CHECKSUM: 37c4a488450e6479189f84cdd9bfd949ade1aaa7

COCOAPODS: 1.16.2
